<?xml version="1.0" encoding="utf-8"?>
<Project ToolsVersion="17.0" xmlns="http://schemas.microsoft.com/developer/msbuild/2003">
  <ItemGroup>
    <ClCompile Include="D:\turbulent-cfd-01\src\Boundary.cpp">
      <Filter>Source Files</Filter>
    </ClCompile>
    <ClCompile Include="D:\turbulent-cfd-01\src\CPUSolver.cpp">
      <Filter>Source Files</Filter>
    </ClCompile>
    <ClCompile Include="D:\turbulent-cfd-01\src\Cell.cpp">
      <Filter>Source Files</Filter>
    </ClCompile>
    <ClCompile Include="D:\turbulent-cfd-01\src\Communication.cpp">
      <Filter>Source Files</Filter>
    </ClCompile>
    <ClCompile Include="D:\turbulent-cfd-01\src\Discretization.cpp">
      <Filter>Source Files</Filter>
    </ClCompile>
    <ClCompile Include="D:\turbulent-cfd-01\src\Fields.cpp">
      <Filter>Source Files</Filter>
    </ClCompile>
    <ClCompile Include="D:\turbulent-cfd-01\src\Grid.cpp">
      <Filter>Source Files</Filter>
    </ClCompile>
    <ClCompile Include="D:\turbulent-cfd-01\src\PCGUtils.cpp">
      <Filter>Source Files</Filter>
    </ClCompile>
    <ClCompile Include="D:\turbulent-cfd-01\src\Simulation.cpp">
      <Filter>Source Files</Filter>
    </ClCompile>
    <ClCompile Include="D:\turbulent-cfd-01\src\Utilities.cpp">
      <Filter>Source Files</Filter>
    </ClCompile>
    <ClCompile Include="D:\turbulent-cfd-01\src\main.cpp">
      <Filter>Source Files</Filter>
    </ClCompile>
  </ItemGroup>
  <ItemGroup>
    <CustomBuild Include="D:\turbulent-cfd-01\CMakeLists.txt" />
  </ItemGroup>
  <ItemGroup>
    <Filter Include="Source Files">
      <UniqueIdentifier>{47E74AF8-0729-3237-8CF2-89E361AB2B7C}</UniqueIdentifier>
    </Filter>
  </ItemGroup>
</Project>
